// !$*UTF8*$!
{
	archiveVersion = 1;
	classes = {
	};
	objectVersion = 55;
	objects = {

/* Begin PBXBuildFile section */
		04E4CD4328F2698F00C2A595 /* AppDelegate.swift in Sources */ = {isa = PBXBuildFile; fileRef = 04E4CD4228F2698F00C2A595 /* AppDelegate.swift */; };
		04E4CD4528F2698F00C2A595 /* SceneDelegate.swift in Sources */ = {isa = PBXBuildFile; fileRef = 04E4CD4428F2698F00C2A595 /* SceneDelegate.swift */; };
		04E4CD4728F2698F00C2A595 /* ViewController.swift in Sources */ = {isa = PBXBuildFile; fileRef = 04E4CD4628F2698F00C2A595 /* ViewController.swift */; };
		04E4CD4A28F2698F00C2A595 /* Main.storyboard in Resources */ = {isa = PBXBuildFile; fileRef = 04E4CD4828F2698F00C2A595 /* Main.storyboard */; };
		04E4CD4C28F2699000C2A595 /* Assets.xcassets in Resources */ = {isa = PBXBuildFile; fileRef = 04E4CD4B28F2699000C2A595 /* Assets.xcassets */; };
		04E4CD4F28F2699000C2A595 /* LaunchScreen.storyboard in Resources */ = {isa = PBXBuildFile; fileRef = 04E4CD4D28F2699000C2A595 /* LaunchScreen.storyboard */; };
		04E4CD5A28F2699100C2A595 /* BackDataPassingUsingClosureTests.swift in Sources */ = {isa = PBXBuildFile; fileRef = 04E4CD5928F2699100C2A595 /* BackDataPassingUsingClosureTests.swift */; };
		04E4CD6428F2699100C2A595 /* BackDataPassingUsingClosureUITests.swift in Sources */ = {isa = PBXBuildFile; fileRef = 04E4CD6328F2699100C2A595 /* BackDataPassingUsingClosureUITests.swift */; };
		04E4CD6628F2699100C2A595 /* BackDataPassingUsingClosureUITestsLaunchTests.swift in Sources */ = {isa = PBXBuildFile; fileRef = 04E4CD6528F2699100C2A595 /* BackDataPassingUsingClosureUITestsLaunchTests.swift */; };
		04E4CD7328F26A0F00C2A595 /* SecondViewController.swift in Sources */ = {isa = PBXBuildFile; fileRef = 04E4CD7228F26A0F00C2A595 /* SecondViewController.swift */; };
/* End PBXBuildFile section */

/* Begin PBXContainerItemProxy section */
		04E4CD5628F2699100C2A595 /* PBXContainerItemProxy */ = {
			isa = PBXContainerItemProxy;
			containerPortal = 04E4CD3728F2698F00C2A595 /* Project object */;
			proxyType = 1;
			remoteGlobalIDString = 04E4CD3E28F2698F00C2A595;
			remoteInfo = BackDataPassingUsingClosure;
		};
		04E4CD6028F2699100C2A595 /* PBXContainerItemProxy */ = {
			isa = PBXContainerItemProxy;
			containerPortal = 04E4CD3728F2698F00C2A595 /* Project object */;
			proxyType = 1;
			remoteGlobalIDString = 04E4CD3E28F2698F00C2A595;
			remoteInfo = BackDataPassingUsingClosure;
		};
/* End PBXContainerItemProxy section */

/* Begin PBXFileReference section */
		04E4CD3F28F2698F00C2A595 /* BackDataPassingUsingClosure.app */ = {isa = PBXFileReference; explicitFileType = wrapper.application; includeInIndex = 0; path = BackDataPassingUsingClosure.app; sourceTree = BUILT_PRODUCTS_DIR; };
		04E4CD4228F2698F00C2A595 /* AppDelegate.swift */ = {isa = PBXFileReference; lastKnownFileType = sourcecode.swift; path = AppDelegate.swift; sourceTree = "<group>"; };
		04E4CD4428F2698F00C2A595 /* SceneDelegate.swift */ = {isa = PBXFileReference; lastKnownFileType = sourcecode.swift; path = SceneDelegate.swift; sourceTree = "<group>"; };
		04E4CD4628F2698F00C2A595 /* ViewController.swift */ = {isa = PBXFileReference; lastKnownFileType = sourcecode.swift; path = ViewController.swift; sourceTree = "<group>"; };
		04E4CD4928F2698F00C2A595 /* Base */ = {isa = PBXFileReference; lastKnownFileType = file.storyboard; name = Base; path = Base.lproj/Main.storyboard; sourceTree = "<group>"; };
		04E4CD4B28F2699000C2A595 /* Assets.xcassets */ = {isa = PBXFileReference; lastKnownFileType = folder.assetcatalog; path = Assets.xcassets; sourceTree = "<group>"; };
		04E4CD4E28F2699000C2A595 /* Base */ = {isa = PBXFileReference; lastKnownFileType = file.storyboard; name = Base; path = Base.lproj/LaunchScreen.storyboard; sourceTree = "<group>"; };
		04E4CD5028F2699000C2A595 /* Info.plist */ = {isa = PBXFileReference; lastKnownFileType = text.plist.xml; path = Info.plist; sourceTree = "<group>"; };
		04E4CD5528F2699100C2A595 /* BackDataPassingUsingClosureTests.xctest */ = {isa = PBXFileReference; explicitFileType = wrapper.cfbundle; includeInIndex = 0; path = BackDataPassingUsingClosureTests.xctest; sourceTree = BUILT_PRODUCTS_DIR; };
		04E4CD5928F2699100C2A595 /* BackDataPassingUsingClosureTests.swift */ = {isa = PBXFileReference; lastKnownFileType = sourcecode.swift; path = BackDataPassingUsingClosureTests.swift; sourceTree = "<group>"; };
		04E4CD5F28F2699100C2A595 /* BackDataPassingUsingClosureUITests.xctest */ = {isa = PBXFileReference; explicitFileType = wrapper.cfbundle; includeInIndex = 0; path = BackDataPassingUsingClosureUITests.xctest; sourceTree = BUILT_PRODUCTS_DIR; };
		04E4CD6328F2699100C2A595 /* BackDataPassingUsingClosureUITests.swift */ = {isa = PBXFileReference; lastKnownFileType = sourcecode.swift; path = BackDataPassingUsingClosureUITests.swift; sourceTree = "<group>"; };
		04E4CD6528F2699100C2A595 /* BackDataPassingUsingClosureUITestsLaunchTests.swift */ = {isa = PBXFileReference; lastKnownFileType = sourcecode.swift; path = BackDataPassingUsingClosureUITestsLaunchTests.swift; sourceTree = "<group>"; };
		04E4CD7228F26A0F00C2A595 /* SecondViewController.swift */ = {isa = PBXFileReference; lastKnownFileType = sourcecode.swift; path = SecondViewController.swift; sourceTree = "<group>"; };
/* End PBXFileReference section */

/* Begin PBXFrameworksBuildPhase section */
		04E4CD3C28F2698F00C2A595 /* Frameworks */ = {
			isa = PBXFrameworksBuildPhase;
			buildActionMask = 2147483647;
			files = (
			);
			runOnlyForDeploymentPostprocessing = 0;
		};
		04E4CD5228F2699100C2A595 /* Frameworks */ = {
			isa = PBXFrameworksBuildPhase;
			buildActionMask = 2147483647;
			files = (
			);
			runOnlyForDeploymentPostprocessing = 0;
		};
		04E4CD5C28F2699100C2A595 /* Frameworks */ = {
			isa = PBXFrameworksBuildPhase;
			buildActionMask = 2147483647;
			files = (
			);
			runOnlyForDeploymentPostprocessing = 0;
		};
/* End PBXFrameworksBuildPhase section */

/* Begin PBXGroup section */
		04E4CD3628F2698F00C2A595 = {
			isa = PBXGroup;
			children = (
				04E4CD4128F2698F00C2A595 /* BackDataPassingUsingClosure */,
				04E4CD5828F2699100C2A595 /* BackDataPassingUsingClosureTests */,
				04E4CD6228F2699100C2A595 /* BackDataPassingUsingClosureUITests */,
				04E4CD4028F2698F00C2A595 /* Products */,
			);
			sourceTree = "<group>";
		};
		04E4CD4028F2698F00C2A595 /* Products */ = {
			isa = PBXGroup;
			children = (
				04E4CD3F28F2698F00C2A595 /* BackDataPassingUsingClosure.app */,
				04E4CD5528F2699100C2A595 /* BackDataPassingUsingClosureTests.xctest */,
				04E4CD5F28F2699100C2A595 /* BackDataPassingUsingClosureUITests.xctest */,
			);
			name = Products;
			sourceTree = "<group>";
		};
		04E4CD4128F2698F00C2A595 /* BackDataPassingUsingClosure */ = {
			isa = PBXGroup;
			children = (
				04E4CD4228F2698F00C2A595 /* AppDelegate.swift */,
				04E4CD4428F2698F00C2A595 /* SceneDelegate.swift */,
				04E4CD4628F2698F00C2A595 /* ViewController.swift */,
				04E4CD4828F2698F00C2A595 /* Main.storyboard */,
				04E4CD7228F26A0F00C2A595 /* SecondViewController.swift */,
				04E4CD4B28F2699000C2A595 /* Assets.xcassets */,
				04E4CD4D28F2699000C2A595 /* LaunchScreen.storyboard */,
				04E4CD5028F2699000C2A595 /* Info.plist */,
			);
			path = BackDataPassingUsingClosure;
			sourceTree = "<group>";
		};
		04E4CD5828F2699100C2A595 /* BackDataPassingUsingClosureTests */ = {
			isa = PBXGroup;
			children = (
				04E4CD5928F2699100C2A595 /* BackDataPassingUsingClosureTests.swift */,
			);
			path = BackDataPassingUsingClosureTests;
			sourceTree = "<group>";
		};
		04E4CD6228F2699100C2A595 /* BackDataPassingUsingClosureUITests */ = {
			isa = PBXGroup;
			children = (
				04E4CD6328F2699100C2A595 /* BackDataPassingUsingClosureUITests.swift */,
				04E4CD6528F2699100C2A595 /* BackDataPassingUsingClosureUITestsLaunchTests.swift */,
			);
			path = BackDataPassingUsingClosureUITests;
			sourceTree = "<group>";
		};
/* End PBXGroup section */

/* Begin PBXNativeTarget section */
		04E4CD3E28F2698F00C2A595 /* BackDataPassingUsingClosure */ = {
			isa = PBXNativeTarget;
			buildConfigurationList = 04E4CD6928F2699100C2A595 /* Build configuration list for PBXNativeTarget "BackDataPassingUsingClosure" */;
			buildPhases = (
				04E4CD3B28F2698F00C2A595 /* Sources */,
				04E4CD3C28F2698F00C2A595 /* Frameworks */,
				04E4CD3D28F2698F00C2A595 /* Resources */,
			);
			buildRules = (
			);
			dependencies = (
			);
			name = BackDataPassingUsingClosure;
			productName = BackDataPassingUsingClosure;
			productReference = 04E4CD3F28F2698F00C2A595 /* BackDataPassingUsingClosure.app */;
			productType = "com.apple.product-type.application";
		};
		04E4CD5428F2699100C2A595 /* BackDataPassingUsingClosureTests */ = {
			isa = PBXNativeTarget;
			buildConfigurationList = 04E4CD6C28F2699100C2A595 /* Build configuration list for PBXNativeTarget "BackDataPassingUsingClosureTests" */;
			buildPhases = (
				04E4CD5128F2699100C2A595 /* Sources */,
				04E4CD5228F2699100C2A595 /* Frameworks */,
				04E4CD5328F2699100C2A595 /* Resources */,
			);
			buildRules = (
			);
			dependencies = (
				04E4CD5728F2699100C2A595 /* PBXTargetDependency */,
			);
			name = BackDataPassingUsingClosureTests;
			productName = BackDataPassingUsingClosureTests;
			productReference = 04E4CD5528F2699100C2A595 /* BackDataPassingUsingClosureTests.xctest */;
			productType = "com.apple.product-type.bundle.unit-test";
		};
		04E4CD5E28F2699100C2A595 /* BackDataPassingUsingClosureUITests */ = {
			isa = PBXNativeTarget;
			buildConfigurationList = 04E4CD6F28F2699100C2A595 /* Build configuration list for PBXNativeTarget "BackDataPassingUsingClosureUITests" */;
			buildPhases = (
				04E4CD5B28F2699100C2A595 /* Sources */,
				04E4CD5C28F2699100C2A595 /* Frameworks */,
				04E4CD5D28F2699100C2A595 /* Resources */,
			);
			buildRules = (
			);
			dependencies = (
				04E4CD6128F2699100C2A595 /* PBXTargetDependency */,
			);
			name = BackDataPassingUsingClosureUITests;
			productName = BackDataPassingUsingClosureUITests;
			productReference = 04E4CD5F28F2699100C2A595 /* BackDataPassingUsingClosureUITests.xctest */;
			productType = "com.apple.product-type.bundle.ui-testing";
		};
/* End PBXNativeTarget section */

/* Begin PBXProject section */
		04E4CD3728F2698F00C2A595 /* Project object */ = {
			isa = PBXProject;
			attributes = {
				BuildIndependentTargetsInParallel = 1;
				LastSwiftUpdateCheck = 1340;
				LastUpgradeCheck = 1340;
				TargetAttributes = {
					04E4CD3E28F2698F00C2A595 = {
						CreatedOnToolsVersion = 13.4.1;
					};
					04E4CD5428F2699100C2A595 = {
						CreatedOnToolsVersion = 13.4.1;
						TestTargetID = 04E4CD3E28F2698F00C2A595;
					};
					04E4CD5E28F2699100C2A595 = {
						CreatedOnToolsVersion = 13.4.1;
						TestTargetID = 04E4CD3E28F2698F00C2A595;
					};
				};
			};
			buildConfigurationList = 04E4CD3A28F2698F00C2A595 /* Build configuration list for PBXProject "BackDataPassingUsingClosure" */;
			compatibilityVersion = "Xcode 13.0";
			developmentRegion = en;
			hasScannedForEncodings = 0;
			knownRegions = (
				en,
				Base,
			);
			mainGroup = 04E4CD3628F2698F00C2A595;
			productRefGroup = 04E4CD4028F2698F00C2A595 /* Products */;
			projectDirPath = "";
			projectRoot = "";
			targets = (
				04E4CD3E28F2698F00C2A595 /* BackDataPassingUsingClosure */,
				04E4CD5428F2699100C2A595 /* BackDataPassingUsingClosureTests */,
				04E4CD5E28F2699100C2A595 /* BackDataPassingUsingClosureUITests */,
			);
		};
/* End PBXProject section */

/* Begin PBXResourcesBuildPhase section */
		04E4CD3D28F2698F00C2A595 /* Resources */ = {
			isa = PBXResourcesBuildPhase;
			buildActionMask = 2147483647;
			files = (
				04E4CD4F28F2699000C2A595 /* LaunchScreen.storyboard in Resources */,
				04E4CD4C28F2699000C2A595 /* Assets.xcassets in Resources */,
				04E4CD4A28F2698F00C2A595 /* Main.storyboard in Resources */,
			);
			runOnlyForDeploymentPostprocessing = 0;
		};
		04E4CD5328F2699100C2A595 /* Resources */ = {
			isa = PBXResourcesBuildPhase;
			buildActionMask = 2147483647;
			files = (
			);
			runOnlyForDeploymentPostprocessing = 0;
		};
		04E4CD5D28F2699100C2A595 /* Resources */ = {
			isa = PBXResourcesBuildPhase;
			buildActionMask = 2147483647;
			files = (
			);
			runOnlyForDeploymentPostprocessing = 0;
		};
/* End PBXResourcesBuildPhase section */

/* Begin PBXSourcesBuildPhase section */
		04E4CD3B28F2698F00C2A595 /* Sources */ = {
			isa = PBXSourcesBuildPhase;
			buildActionMask = 2147483647;
			files = (
				04E4CD7328F26A0F00C2A595 /* SecondViewController.swift in Sources */,
				04E4CD4728F2698F00C2A595 /* ViewController.swift in Sources */,
				04E4CD4328F2698F00C2A595 /* AppDelegate.swift in Sources */,
				04E4CD4528F2698F00C2A595 /* SceneDelegate.swift in Sources */,
			);
			runOnlyForDeploymentPostprocessing = 0;
		};
		04E4CD5128F2699100C2A595 /* Sources */ = {
			isa = PBXSourcesBuildPhase;
			buildActionMask = 2147483647;
			files = (
				04E4CD5A28F2699100C2A595 /* BackDataPassingUsingClosureTests.swift in Sources */,
			);
			runOnlyForDeploymentPostprocessing = 0;
		};
		04E4CD5B28F2699100C2A595 /* Sources */ = {
			isa = PBXSourcesBuildPhase;
			buildActionMask = 2147483647;
			files = (
				04E4CD6628F2699100C2A595 /* BackDataPassingUsingClosureUITestsLaunchTests.swift in Sources */,
				04E4CD6428F2699100C2A595 /* BackDataPassingUsingClosureUITests.swift in Sources */,
			);
			runOnlyForDeploymentPostprocessing = 0;
		};
/* End PBXSourcesBuildPhase section */

/* Begin PBXTargetDependency section */
		04E4CD5728F2699100C2A595 /* PBXTargetDependency */ = {
			isa = PBXTargetDependency;
			target = 04E4CD3E28F2698F00C2A595 /* BackDataPassingUsingClosure */;
			targetProxy = 04E4CD5628F2699100C2A595 /* PBXContainerItemProxy */;
		};
		04E4CD6128F2699100C2A595 /* PBXTargetDependency */ = {
			isa = PBXTargetDependency;
			target = 04E4CD3E28F2698F00C2A595 /* BackDataPassingUsingClosure */;
			targetProxy = 04E4CD6028F2699100C2A595 /* PBXContainerItemProxy */;
		};
/* End PBXTargetDependency section */

/* Begin PBXVariantGroup section */
		04E4CD4828F2698F00C2A595 /* Main.storyboard */ = {
			isa = PBXVariantGroup;
			children = (
				04E4CD4928F2698F00C2A595 /* Base */,
			);
			name = Main.storyboard;
			sourceTree = "<group>";
		};
		04E4CD4D28F2699000C2A595 /* LaunchScreen.storyboard */ = {
			isa = PBXVariantGroup;
			children = (
				04E4CD4E28F2699000C2A595 /* Base */,
			);
			name = LaunchScreen.storyboard;
			sourceTree = "<group>";
		};
/* End PBXVariantGroup section */

/* Begin XCBuildConfiguration section */
		04E4CD6728F2699100C2A595 /* Debug */ = {
			isa = XCBuildConfiguration;
			buildSettings = {
				ALWAYS_SEARCH_USER_PATHS = NO;
				CLANG_ANALYZER_NONNULL = YES;
				CLANG_ANALYZER_NUMBER_OBJECT_CONVERSION = YES_AGGRESSIVE;
				CLANG_CXX_LANGUAGE_STANDARD = "gnu++17";
				CLANG_ENABLE_MODULES = YES;
				CLANG_ENABLE_OBJC_ARC = YES;
				CLANG_ENABLE_OBJC_WEAK = YES;
				CLANG_WARN_BLOCK_CAPTURE_AUTORELEASING = YES;
				CLANG_WARN_BOOL_CONVERSION = YES;
				CLANG_WARN_COMMA = YES;
				CLANG_WARN_CONSTANT_CONVERSION = YES;
				CLANG_WARN_DEPRECATED_OBJC_IMPLEMENTATIONS = YES;
				CLANG_WARN_DIRECT_OBJC_ISA_USAGE = YES_ERROR;
				CLANG_WARN_DOCUMENTATION_COMMENTS = YES;
				CLANG_WARN_EMPTY_BODY = YES;
				CLANG_WARN_ENUM_CONVERSION = YES;
				CLANG_WARN_INFINITE_RECURSION = YES;
				CLANG_WARN_INT_CONVERSION = YES;
				CLANG_WARN_NON_LITERAL_NULL_CONVERSION = YES;
				CLANG_WARN_OBJC_IMPLICIT_RETAIN_SELF = YES;
				CLANG_WARN_OBJC_LITERAL_CONVERSION = YES;
				CLANG_WARN_OBJC_ROOT_CLASS = YES_ERROR;
				CLANG_WARN_QUOTED_INCLUDE_IN_FRAMEWORK_HEADER = YES;
				CLANG_WARN_RANGE_LOOP_ANALYSIS = YES;
				CLANG_WARN_STRICT_PROTOTYPES = YES;
				CLANG_WARN_SUSPICIOUS_MOVE = YES;
				CLANG_WARN_UNGUARDED_AVAILABILITY = YES_AGGRESSIVE;
				CLANG_WARN_UNREACHABLE_CODE = YES;
				CLANG_WARN__DUPLICATE_METHOD_MATCH = YES;
				COPY_PHASE_STRIP = NO;
				DEBUG_INFORMATION_FORMAT = dwarf;
				ENABLE_STRICT_OBJC_MSGSEND = YES;
				ENABLE_TESTABILITY = YES;
				GCC_C_LANGUAGE_STANDARD = gnu11;
				GCC_DYNAMIC_NO_PIC = NO;
				GCC_NO_COMMON_BLOCKS = YES;
				GCC_OPTIMIZATION_LEVEL = 0;
				GCC_PREPROCESSOR_DEFINITIONS = (
					"DEBUG=1",
					"$(inherited)",
				);
				GCC_WARN_64_TO_32_BIT_CONVERSION = YES;
				GCC_WARN_ABOUT_RETURN_TYPE = YES_ERROR;
				GCC_WARN_UNDECLARED_SELECTOR = YES;
				GCC_WARN_UNINITIALIZED_AUTOS = YES_AGGRESSIVE;
				GCC_WARN_UNUSED_FUNCTION = YES;
				GCC_WARN_UNUSED_VARIABLE = YES;
				IPHONEOS_DEPLOYMENT_TARGET = 15.5;
				MTL_ENABLE_DEBUG_INFO = INCLUDE_SOURCE;
				MTL_FAST_MATH = YES;
				ONLY_ACTIVE_ARCH = YES;
				SDKROOT = iphoneos;
				SWIFT_ACTIVE_COMPILATION_CONDITIONS = DEBUG;
				SWIFT_OPTIMIZATION_LEVEL = "-Onone";
			};
			name = Debug;
		};
		04E4CD6828F2699100C2A595 /* Release */ = {
			isa = XCBuildConfiguration;
			buildSettings = {
				ALWAYS_SEARCH_USER_PATHS = NO;
				CLANG_ANALYZER_NONNULL = YES;
				CLANG_ANALYZER_NUMBER_OBJECT_CONVERSION = YES_AGGRESSIVE;
				CLANG_CXX_LANGUAGE_STANDARD = "gnu++17";
				CLANG_ENABLE_MODULES = YES;
				CLANG_ENABLE_OBJC_ARC = YES;
				CLANG_ENABLE_OBJC_WEAK = YES;
				CLANG_WARN_BLOCK_CAPTURE_AUTORELEASING = YES;
				CLANG_WARN_BOOL_CONVERSION = YES;
				CLANG_WARN_COMMA = YES;
				CLANG_WARN_CONSTANT_CONVERSION = YES;
				CLANG_WARN_DEPRECATED_OBJC_IMPLEMENTATIONS = YES;
				CLANG_WARN_DIRECT_OBJC_ISA_USAGE = YES_ERROR;
				CLANG_WARN_DOCUMENTATION_COMMENTS = YES;
				CLANG_WARN_EMPTY_BODY = YES;
				CLANG_WARN_ENUM_CONVERSION = YES;
				CLANG_WARN_INFINITE_RECURSION = YES;
				CLANG_WARN_INT_CONVERSION = YES;
				CLANG_WARN_NON_LITERAL_NULL_CONVERSION = YES;
				CLANG_WARN_OBJC_IMPLICIT_RETAIN_SELF = YES;
				CLANG_WARN_OBJC_LITERAL_CONVERSION = YES;
				CLANG_WARN_OBJC_ROOT_CLASS = YES_ERROR;
				CLANG_WARN_QUOTED_INCLUDE_IN_FRAMEWORK_HEADER = YES;
				CLANG_WARN_RANGE_LOOP_ANALYSIS = YES;
				CLANG_WARN_STRICT_PROTOTYPES = YES;
				CLANG_WARN_SUSPICIOUS_MOVE = YES;
				CLANG_WARN_UNGUARDED_AVAILABILITY = YES_AGGRESSIVE;
				CLANG_WARN_UNREACHABLE_CODE = YES;
				CLANG_WARN__DUPLICATE_METHOD_MATCH = YES;
				COPY_PHASE_STRIP = NO;
				DEBUG_INFORMATION_FORMAT = "dwarf-with-dsym";
				ENABLE_NS_ASSERTIONS = NO;
				ENABLE_STRICT_OBJC_MSGSEND = YES;
				GCC_C_LANGUAGE_STANDARD = gnu11;
				GCC_NO_COMMON_BLOCKS = YES;
				GCC_WARN_64_TO_32_BIT_CONVERSION = YES;
				GCC_WARN_ABOUT_RETURN_TYPE = YES_ERROR;
				GCC_WARN_UNDECLARED_SELECTOR = YES;
				GCC_WARN_UNINITIALIZED_AUTOS = YES_AGGRESSIVE;
				GCC_WARN_UNUSED_FUNCTION = YES;
				GCC_WARN_UNUSED_VARIABLE = YES;
				IPHONEOS_DEPLOYMENT_TARGET = 15.5;
				MTL_ENABLE_DEBUG_INFO = NO;
				MTL_FAST_MATH = YES;
				SDKROOT = iphoneos;
				SWIFT_COMPILATION_MODE = wholemodule;
				SWIFT_OPTIMIZATION_LEVEL = "-O";
				VALIDATE_PRODUCT = YES;
			};
			name = Release;
		};
		04E4CD6A28F2699100C2A595 /* Debug */ = {
			isa = XCBuildConfiguration;
			buildSettings = {
				ASSETCATALOG_COMPILER_APPICON_NAME = AppIcon;
				ASSETCATALOG_COMPILER_GLOBAL_ACCENT_COLOR_NAME = AccentColor;
				CODE_SIGN_STYLE = Automatic;
				CURRENT_PROJECT_VERSION = 1;
				GENERATE_INFOPLIST_FILE = YES;
				INFOPLIST_FILE = BackDataPassingUsingClosure/Info.plist;
				INFOPLIST_KEY_UIApplicationSupportsIndirectInputEvents = YES;
				INFOPLIST_KEY_UILaunchStoryboardName = LaunchScreen;
				INFOPLIST_KEY_UIMainStoryboardFile = Main;
				INFOPLIST_KEY_UISupportedInterfaceOrientations_iPad = "UIInterfaceOrientationPortrait UIInterfaceOrientationPortraitUpsideDown UIInterfaceOrientationLandscapeLeft UIInterfaceOrientationLandscapeRight";
				INFOPLIST_KEY_UISupportedInterfaceOrientations_iPhone = "UIInterfaceOrientationPortrait UIInterfaceOrientationLandscapeLeft UIInterfaceOrientationLandscapeRight";
				LD_RUNPATH_SEARCH_PATHS = (
					"$(inherited)",
					"@executable_path/Frameworks",
				);
				MARKETING_VERSION = 1.0;
				PRODUCT_BUNDLE_IDENTIFIER = demo.BackDataPassingUsingClosure;
				PRODUCT_NAME = "$(TARGET_NAME)";
				SWIFT_EMIT_LOC_STRINGS = YES;
				SWIFT_VERSION = 5.0;
				TARGETED_DEVICE_FAMILY = "1,2";
			};
			name = Debug;
		};
		04E4CD6B28F2699100C2A595 /* Release */ = {
			isa = XCBuildConfiguration;
			buildSettings = {
				ASSETCATALOG_COMPILER_APPICON_NAME = AppIcon;
				ASSETCATALOG_COMPILER_GLOBAL_ACCENT_COLOR_NAME = AccentColor;
				CODE_SIGN_STYLE = Automatic;
				CURRENT_PROJECT_VERSION = 1;
				GENERATE_INFOPLIST_FILE = YES;
				INFOPLIST_FILE = BackDataPassingUsingClosure/Info.plist;
				INFOPLIST_KEY_UIApplicationSupportsIndirectInputEvents = YES;
				INFOPLIST_KEY_UILaunchStoryboardName = LaunchScreen;
				INFOPLIST_KEY_UIMainStoryboardFile = Main;
				INFOPLIST_KEY_UISupportedInterfaceOrientations_iPad = "UIInterfaceOrientationPortrait UIInterfaceOrientationPortraitUpsideDown UIInterfaceOrientationLandscapeLeft UIInterfaceOrientationLandscapeRight";
				INFOPLIST_KEY_UISupportedInterfaceOrientations_iPhone = "UIInterfaceOrientationPortrait UIInterfaceOrientationLandscapeLeft UIInterfaceOrientationLandscapeRight";
				LD_RUNPATH_SEARCH_PATHS = (
					"$(inherited)",
					"@executable_path/Frameworks",
				);
				MARKETING_VERSION = 1.0;
				PRODUCT_BUNDLE_IDENTIFIER = demo.BackDataPassingUsingClosure;
				PRODUCT_NAME = "$(TARGET_NAME)";
				SWIFT_EMIT_LOC_STRINGS = YES;
				SWIFT_VERSION = 5.0;
				TARGETED_DEVICE_FAMILY = "1,2";
			};
			name = Release;
		};
		04E4CD6D28F2699100C2A595 /* Debug */ = {
			isa = XCBuildConfiguration;
			buildSettings = {
				ALWAYS_EMBED_SWIFT_STANDARD_LIBRARIES = YES;
				BUNDLE_LOADER = "$(TEST_HOST)";
				CODE_SIGN_STYLE = Automatic;
				CURRENT_PROJECT_VERSION = 1;
				GENERATE_INFOPLIST_FILE = YES;
				IPHONEOS_DEPLOYMENT_TARGET = 15.5;
				MARKETING_VERSION = 1.0;
				PRODUCT_BUNDLE_IDENTIFIER = demo.BackDataPassingUsingClosureTests;
				PRODUCT_NAME = "$(TARGET_NAME)";
				SWIFT_EMIT_LOC_STRINGS = NO;
				SWIFT_VERSION = 5.0;
				TARGETED_DEVICE_FAMILY = "1,2";
				TEST_HOST = "$(BUILT_PRODUCTS_DIR)/BackDataPassingUsingClosure.app/BackDataPassingUsingClosure";
			};
			name = Debug;
		};
		04E4CD6E28F2699100C2A595 /* Release */ = {
			isa = XCBuildConfiguration;
			buildSettings = {
				ALWAYS_EMBED_SWIFT_STANDARD_LIBRARIES = YES;
				BUNDLE_LOADER = "$(TEST_HOST)";
				CODE_SIGN_STYLE = Automatic;
				CURRENT_PROJECT_VERSION = 1;
				GENERATE_INFOPLIST_FILE = YES;
				IPHONEOS_DEPLOYMENT_TARGET = 15.5;
				MARKETING_VERSION = 1.0;
				PRODUCT_BUNDLE_IDENTIFIER = demo.BackDataPassingUsingClosureTests;
				PRODUCT_NAME = "$(TARGET_NAME)";
				SWIFT_EMIT_LOC_STRINGS = NO;
				SWIFT_VERSION = 5.0;
				TARGETED_DEVICE_FAMILY = "1,2";
				TEST_HOST = "$(BUILT_PRODUCTS_DIR)/BackDataPassingUsingClosure.app/BackDataPassingUsingClosure";
			};
			name = Release;
		};
		04E4CD7028F2699100C2A595 /* Debug */ = {
			isa = XCBuildConfiguration;
			buildSettings = {
				ALWAYS_EMBED_SWIFT_STANDARD_LIBRARIES = YES;
				CODE_SIGN_STYLE = Automatic;
				CURRENT_PROJECT_VERSION = 1;
				GENERATE_INFOPLIST_FILE = YES;
				MARKETING_VERSION = 1.0;
				PRODUCT_BUNDLE_IDENTIFIER = demo.BackDataPassingUsingClosureUITests;
				PRODUCT_NAME = "$(TARGET_NAME)";
				SWIFT_EMIT_LOC_STRINGS = NO;
				SWIFT_VERSION = 5.0;
				TARGETED_DEVICE_FAMILY = "1,2";
				TEST_TARGET_NAME = BackDataPassingUsingClosure;
			};
			name = Debug;
		};
		04E4CD7128F2699100C2A595 /* Release */ = {
			isa = XCBuildConfiguration;
			buildSettings = {
				ALWAYS_EMBED_SWIFT_STANDARD_LIBRARIES = YES;
				CODE_SIGN_STYLE = Automatic;
				CURRENT_PROJECT_VERSION = 1;
				GENERATE_INFOPLIST_FILE = YES;
				MARKETING_VERSION = 1.0;
				PRODUCT_BUNDLE_IDENTIFIER = demo.BackDataPassingUsingClosureUITests;
				PRODUCT_NAME = "$(TARGET_NAME)";
				SWIFT_EMIT_LOC_STRINGS = NO;
				SWIFT_VERSION = 5.0;
				TARGETED_DEVICE_FAMILY = "1,2";
				TEST_TARGET_NAME = BackDataPassingUsingClosure;
			};
			name = Release;
		};
/* End XCBuildConfiguration section */

/* Begin XCConfigurationList section */
		04E4CD3A28F2698F00C2A595 /* Build configuration list for PBXProject "BackDataPassingUsingClosure" */ = {
			isa = XCConfigurationList;
			buildConfigurations = (
				04E4CD6728F2699100C2A595 /* Debug */,
				04E4CD6828F2699100C2A595 /* Release */,
			);
			defaultConfigurationIsVisible = 0;
			defaultConfigurationName = Release;
		};
		04E4CD6928F2699100C2A595 /* Build configuration list for PBXNativeTarget "BackDataPassingUsingClosure" */ = {
			isa = XCConfigurationList;
			buildConfigurations = (
				04E4CD6A28F2699100C2A595 /* Debug */,
				04E4CD6B28F2699100C2A595 /* Release */,
			);
			defaultConfigurationIsVisible = 0;
			defaultConfigurationName = Release;
		};
		04E4CD6C28F2699100C2A595 /* Build configuration list for PBXNativeTarget "BackDataPassingUsingClosureTests" */ = {
			isa = XCConfigurationList;
			buildConfigurations = (
				04E4CD6D28F2699100C2A595 /* Debug */,
				04E4CD6E28F2699100C2A595 /* Release */,
			);
			defaultConfigurationIsVisible = 0;
			defaultConfigurationName = Release;
		};
		04E4CD6F28F2699100C2A595 /* Build configuration list for PBXNativeTarget "BackDataPassingUsingClosureUITests" */ = {
			isa = XCConfigurationList;
			buildConfigurations = (
				04E4CD7028F2699100C2A595 /* Debug */,
				04E4CD7128F2699100C2A595 /* Release */,
			);
			defaultConfigurationIsVisible = 0;
			defaultConfigurationName = Release;
		};
/* End XCConfigurationList section */
	};
	rootObject = 04E4CD3728F2698F00C2A595 /* Project object */;
}
